// !$*UTF8*$!
{
	archiveVersion = 1;
	classes = {
	};
	objectVersion = 46;
	objects = {

/* Begin PBXBuildFile section */
		000A98681DF1C36000D9FB52 /* DefineClass.m in Sources */ = {isa = PBXBuildFile; fileRef = 000A98671DF1C36000D9FB52 /* DefineClass.m */; };
		000A986E1DF3D81800D9FB52 /* CustomerModel.m in Sources */ = {isa = PBXBuildFile; fileRef = 000A986D1DF3D81800D9FB52 /* CustomerModel.m */; };
		000A98721DF4535A00D9FB52 /* CustomerDetailsController.m in Sources */ = {isa = PBXBuildFile; fileRef = 000A98711DF4535A00D9FB52 /* CustomerDetailsController.m */; };
		000A98741DF49AF700D9FB52 /* default-avatar.jpg in Resources */ = {isa = PBXBuildFile; fileRef = 000A98731DF49AF700D9FB52 /* default-avatar.jpg */; };
		000A98771DF4A56500D9FB52 /* AddCustomer.m in Sources */ = {isa = PBXBuildFile; fileRef = 000A98761DF4A56500D9FB52 /* AddCustomer.m */; };
		000A987B1DF5E9E100D9FB52 /* BillingListController.m in Sources */ = {isa = PBXBuildFile; fileRef = 000A987A1DF5E9E100D9FB52 /* BillingListController.m */; };
		000A987E1DF5EB8F00D9FB52 /* BillingListCell.m in Sources */ = {isa = PBXBuildFile; fileRef = 000A987D1DF5EB8F00D9FB52 /* BillingListCell.m */; };
		004248B91E0FBDC7001B2224 /* SearchCustomerViewController.m in Sources */ = {isa = PBXBuildFile; fileRef = 004248B81E0FBDC7001B2224 /* SearchCustomerViewController.m */; };
		004248BC1E0FC555001B2224 /* ResultListCell.m in Sources */ = {isa = PBXBuildFile; fileRef = 004248BB1E0FC555001B2224 /* ResultListCell.m */; };
		007C3CE81DF0782400859ED5 /* SWRevealViewController.m in Sources */ = {isa = PBXBuildFile; fileRef = 007C3CE71DF0782400859ED5 /* SWRevealViewController.m */; };
		007C3CEB1DF0A25E00859ED5 /* reveal-icon.png in Resources */ = {isa = PBXBuildFile; fileRef = 007C3CE91DF0A25E00859ED5 /* reveal-icon.png */; };
		007C3CEC1DF0A25E00859ED5 /* reveal-icon@2x.png in Resources */ = {isa = PBXBuildFile; fileRef = 007C3CEA1DF0A25E00859ED5 /* reveal-icon@2x.png */; };
		6A1657BD1E07FAEB00A18F9E /* PaymentViewController.m in Sources */ = {isa = PBXBuildFile; fileRef = 6A1657BC1E07FAEB00A18F9E /* PaymentViewController.m */; };
		6A3758EB1DEECCCC001FCEE4 /* AFHTTPSessionManager.m in Sources */ = {isa = PBXBuildFile; fileRef = 6A3758D21DEECCCC001FCEE4 /* AFHTTPSessionManager.m */; };
		6A3758EC1DEECCCC001FCEE4 /* AFNetworkReachabilityManager.m in Sources */ = {isa = PBXBuildFile; fileRef = 6A3758D51DEECCCC001FCEE4 /* AFNetworkReachabilityManager.m */; };
		6A3758ED1DEECCCC001FCEE4 /* AFSecurityPolicy.m in Sources */ = {isa = PBXBuildFile; fileRef = 6A3758D71DEECCCC001FCEE4 /* AFSecurityPolicy.m */; };
		6A3758EE1DEECCCC001FCEE4 /* AFURLRequestSerialization.m in Sources */ = {isa = PBXBuildFile; fileRef = 6A3758D91DEECCCC001FCEE4 /* AFURLRequestSerialization.m */; };
		6A3758EF1DEECCCC001FCEE4 /* AFURLResponseSerialization.m in Sources */ = {isa = PBXBuildFile; fileRef = 6A3758DB1DEECCCC001FCEE4 /* AFURLResponseSerialization.m */; };
		6A3758F01DEECCCC001FCEE4 /* AFURLSessionManager.m in Sources */ = {isa = PBXBuildFile; fileRef = 6A3758DD1DEECCCC001FCEE4 /* AFURLSessionManager.m */; };
		6A3758F11DEECCCC001FCEE4 /* NSMutableArray+SWUtilityButtons.m in Sources */ = {isa = PBXBuildFile; fileRef = 6A3758E01DEECCCC001FCEE4 /* NSMutableArray+SWUtilityButtons.m */; };
		6A3758F21DEECCCC001FCEE4 /* SWCellScrollView.m in Sources */ = {isa = PBXBuildFile; fileRef = 6A3758E21DEECCCC001FCEE4 /* SWCellScrollView.m */; };
		6A3758F31DEECCCC001FCEE4 /* SWLongPressGestureRecognizer.m in Sources */ = {isa = PBXBuildFile; fileRef = 6A3758E41DEECCCC001FCEE4 /* SWLongPressGestureRecognizer.m */; };
		6A3758F41DEECCCC001FCEE4 /* SWTableViewCell.m in Sources */ = {isa = PBXBuildFile; fileRef = 6A3758E61DEECCCC001FCEE4 /* SWTableViewCell.m */; };
		6A3758F51DEECCCC001FCEE4 /* SWUtilityButtonTapGestureRecognizer.m in Sources */ = {isa = PBXBuildFile; fileRef = 6A3758E81DEECCCC001FCEE4 /* SWUtilityButtonTapGestureRecognizer.m */; };
		6A3758F61DEECCCC001FCEE4 /* SWUtilityButtonView.m in Sources */ = {isa = PBXBuildFile; fileRef = 6A3758EA1DEECCCC001FCEE4 /* SWUtilityButtonView.m */; };
		6A3910711E08CC470088524C /* ServicesCell.m in Sources */ = {isa = PBXBuildFile; fileRef = 6A3910701E08CC470088524C /* ServicesCell.m */; };
		6A3910751E08EB710088524C /* AddTipPopUpViewController.m in Sources */ = {isa = PBXBuildFile; fileRef = 6A3910731E08EB710088524C /* AddTipPopUpViewController.m */; };
		6A3910761E08EB710088524C /* AddTipPopUpViewController.xib in Resources */ = {isa = PBXBuildFile; fileRef = 6A3910741E08EB710088524C /* AddTipPopUpViewController.xib */; };
		6A39107A1E0931740088524C /* AddServicePopupController.m in Sources */ = {isa = PBXBuildFile; fileRef = 6A3910781E0931740088524C /* AddServicePopupController.m */; };
		6A39107B1E0931740088524C /* AddServicePopupController.xib in Resources */ = {isa = PBXBuildFile; fileRef = 6A3910791E0931740088524C /* AddServicePopupController.xib */; };
		6A705F971E00EF6500BE07DE /* ServicesModel.m in Sources */ = {isa = PBXBuildFile; fileRef = 6A705F961E00EF6500BE07DE /* ServicesModel.m */; };
		6A93E2471DFE9B3400F1DF32 /* BillingDetailsViewController.m in Sources */ = {isa = PBXBuildFile; fileRef = 6A93E2461DFE9B3400F1DF32 /* BillingDetailsViewController.m */; };
		6A93E24A1DFE9CB800F1DF32 /* BillingDetailsModel.m in Sources */ = {isa = PBXBuildFile; fileRef = 6A93E2491DFE9CB800F1DF32 /* BillingDetailsModel.m */; };
		6A93E24D1DFE9D3900F1DF32 /* BillingModel.m in Sources */ = {isa = PBXBuildFile; fileRef = 6A93E24C1DFE9D3900F1DF32 /* BillingModel.m */; };
		6AD1C4251E02A36E007178DB /* MBProgressHUD.m in Sources */ = {isa = PBXBuildFile; fileRef = 6AD1C4241E02A36E007178DB /* MBProgressHUD.m */; };
		6AE343D51E0121B500CA7FC8 /* BillingDetailsCell.m in Sources */ = {isa = PBXBuildFile; fileRef = 6AE343D41E0121B500CA7FC8 /* BillingDetailsCell.m */; };
		6AE343D71E01240A00CA7FC8 /* services.png in Resources */ = {isa = PBXBuildFile; fileRef = 6AE343D61E01240A00CA7FC8 /* services.png */; };
		A2972AC41CDAE729004051D1 /* CustomerRegisterController.m in Sources */ = {isa = PBXBuildFile; fileRef = A2972AC31CDAE729004051D1 /* CustomerRegisterController.m */; };
		A2972AC81CDB2CCA004051D1 /* CustomerAppointmentController.m in Sources */ = {isa = PBXBuildFile; fileRef = A2972AC71CDB2CCA004051D1 /* CustomerAppointmentController.m */; };
		A2CB06961CD1B968000F66A8 /* AppDelegate.m in Sources */ = {isa = PBXBuildFile; fileRef = A2CB068B1CD1B968000F66A8 /* AppDelegate.m */; };
		A2CB06971CD1B968000F66A8 /* Assets.xcassets in Resources */ = {isa = PBXBuildFile; fileRef = A2CB068C1CD1B968000F66A8 /* Assets.xcassets */; };
		A2CB069B1CD1B968000F66A8 /* Info.plist in Resources */ = {isa = PBXBuildFile; fileRef = A2CB06911CD1B968000F66A8 /* Info.plist */; };
		A2CB069C1CD1B968000F66A8 /* main.m in Sources */ = {isa = PBXBuildFile; fileRef = A2CB06931CD1B968000F66A8 /* main.m */; };
		A2CB069E1CD1B968000F66A8 /* LoginController.m in Sources */ = {isa = PBXBuildFile; fileRef = A2CB06951CD1B968000F66A8 /* LoginController.m */; };
		A2CB06A21CD1B9A8000F66A8 /* Main.storyboard in Resources */ = {isa = PBXBuildFile; fileRef = A2CB06A01CD1B9A8000F66A8 /* Main.storyboard */; };
		A2CB06B21CD1C788000F66A8 /* UserMain.m in Sources */ = {isa = PBXBuildFile; fileRef = A2CB06B11CD1C788000F66A8 /* UserMain.m */; };
		A2CB06B51CD1CE7A000F66A8 /* CustomerListController.m in Sources */ = {isa = PBXBuildFile; fileRef = A2CB06B41CD1CE7A000F66A8 /* CustomerListController.m */; };
		A2CB06B71CD1D6B5000F66A8 /* checked-icon.png in Resources */ = {isa = PBXBuildFile; fileRef = A2CB06B61CD1D6B5000F66A8 /* checked-icon.png */; };
		A2CB06BB1CD1E89D000F66A8 /* appointment-tabIcon.png in Resources */ = {isa = PBXBuildFile; fileRef = A2CB06B81CD1E89D000F66A8 /* appointment-tabIcon.png */; };
		A2CB06BC1CD1E89D000F66A8 /* list-tabIcon.png in Resources */ = {isa = PBXBuildFile; fileRef = A2CB06B91CD1E89D000F66A8 /* list-tabIcon.png */; };
		A2CB06BD1CD1E89D000F66A8 /* register-tabIcon.png in Resources */ = {isa = PBXBuildFile; fileRef = A2CB06BA1CD1E89D000F66A8 /* register-tabIcon.png */; };
		A2CB06BF1CD1ECA6000F66A8 /* user-icon.png in Resources */ = {isa = PBXBuildFile; fileRef = A2CB06BE1CD1ECA5000F66A8 /* user-icon.png */; };
		A2CB06D61CD1F0E2000F66A8 /* CustomerListCell.m in Sources */ = {isa = PBXBuildFile; fileRef = A2CB06D51CD1F0E2000F66A8 /* CustomerListCell.m */; };
		A2CB06D91CD1F753000F66A8 /* UIKit.framework in Frameworks */ = {isa = PBXBuildFile; fileRef = A2CB06D81CD1F753000F66A8 /* UIKit.framework */; settings = {ATTRIBUTES = (Required, ); }; };
		A2CB06F01CD1FF8F000F66A8 /* uncheck-icon.png in Resources */ = {isa = PBXBuildFile; fileRef = A2CB06EF1CD1FF8F000F66A8 /* uncheck-icon.png */; };
		A2CE4B831CD0B06D00436DF1 /* PJNailsTests.m in Sources */ = {isa = PBXBuildFile; fileRef = A2CE4B821CD0B06D00436DF1 /* PJNailsTests.m */; };
		A2CE4B8E1CD0B06D00436DF1 /* PJNailsUITests.m in Sources */ = {isa = PBXBuildFile; fileRef = A2CE4B8D1CD0B06D00436DF1 /* PJNailsUITests.m */; };
/* End PBXBuildFile section */

/* Begin PBXContainerItemProxy section */
		A2CE4B7F1CD0B06D00436DF1 /* PBXContainerItemProxy */ = {
			isa = PBXContainerItemProxy;
			containerPortal = A2CE4B5D1CD0B06D00436DF1 /* Project object */;
			proxyType = 1;
			remoteGlobalIDString = A2CE4B641CD0B06D00436DF1;
			remoteInfo = PJNails;
		};
		A2CE4B8A1CD0B06D00436DF1 /* PBXContainerItemProxy */ = {
			isa = PBXContainerItemProxy;
			containerPortal = A2CE4B5D1CD0B06D00436DF1 /* Project object */;
			proxyType = 1;
			remoteGlobalIDString = A2CE4B641CD0B06D00436DF1;
			remoteInfo = PJNails;
		};
/* End PBXContainerItemProxy section */

/* Begin PBXFileReference section */
		000A98661DF1C36000D9FB52 /* DefineClass.h */ = {isa = PBXFileReference; fileEncoding = 4; lastKnownFileType = sourcecode.c.h; path = DefineClass.h; sourceTree = "<group>"; };
		000A98671DF1C36000D9FB52 /* DefineClass.m */ = {isa = PBXFileReference; fileEncoding = 4; lastKnownFileType = sourcecode.c.objc; path = DefineClass.m; sourceTree = "<group>"; };
		000A986C1DF3D81800D9FB52 /* CustomerModel.h */ = {isa = PBXFileReference; fileEncoding = 4; lastKnownFileType = sourcecode.c.h; path = CustomerModel.h; sourceTree = "<group>"; };
		000A986D1DF3D81800D9FB52 /* CustomerModel.m */ = {isa = PBXFileReference; fileEncoding = 4; lastKnownFileType = sourcecode.c.objc; path = CustomerModel.m; sourceTree = "<group>"; };
		000A98701DF4535A00D9FB52 /* CustomerDetailsController.h */ = {isa = PBXFileReference; fileEncoding = 4; lastKnownFileType = sourcecode.c.h; path = CustomerDetailsController.h; sourceTree = "<group>"; };
		000A98711DF4535A00D9FB52 /* CustomerDetailsController.m */ = {isa = PBXFileReference; fileEncoding = 4; lastKnownFileType = sourcecode.c.objc; path = CustomerDetailsController.m; sourceTree = "<group>"; };
		000A98731DF49AF700D9FB52 /* default-avatar.jpg */ = {isa = PBXFileReference; lastKnownFileType = image.jpeg; name = "default-avatar.jpg"; path = "PJNails/Resource/Image/default-avatar.jpg"; sourceTree = "<group>"; };
		000A98751DF4A56500D9FB52 /* AddCustomer.h */ = {isa = PBXFileReference; fileEncoding = 4; lastKnownFileType = sourcecode.c.h; path = AddCustomer.h; sourceTree = "<group>"; };
		000A98761DF4A56500D9FB52 /* AddCustomer.m */ = {isa = PBXFileReference; fileEncoding = 4; lastKnownFileType = sourcecode.c.objc; path = AddCustomer.m; sourceTree = "<group>"; };
		000A98791DF5E9E100D9FB52 /* BillingListController.h */ = {isa = PBXFileReference; fileEncoding = 4; lastKnownFileType = sourcecode.c.h; path = BillingListController.h; sourceTree = "<group>"; };
		000A987A1DF5E9E100D9FB52 /* BillingListController.m */ = {isa = PBXFileReference; fileEncoding = 4; lastKnownFileType = sourcecode.c.objc; path = BillingListController.m; sourceTree = "<group>"; };
		000A987C1DF5EB8F00D9FB52 /* BillingListCell.h */ = {isa = PBXFileReference; fileEncoding = 4; lastKnownFileType = sourcecode.c.h; path = BillingListCell.h; sourceTree = "<group>"; };
		000A987D1DF5EB8F00D9FB52 /* BillingListCell.m */ = {isa = PBXFileReference; fileEncoding = 4; lastKnownFileType = sourcecode.c.objc; path = BillingListCell.m; sourceTree = "<group>"; };
		004248B71E0FBDC7001B2224 /* SearchCustomerViewController.h */ = {isa = PBXFileReference; fileEncoding = 4; lastKnownFileType = sourcecode.c.h; path = SearchCustomerViewController.h; sourceTree = "<group>"; };
		004248B81E0FBDC7001B2224 /* SearchCustomerViewController.m */ = {isa = PBXFileReference; fileEncoding = 4; lastKnownFileType = sourcecode.c.objc; path = SearchCustomerViewController.m; sourceTree = "<group>"; };
		004248BA1E0FC555001B2224 /* ResultListCell.h */ = {isa = PBXFileReference; fileEncoding = 4; lastKnownFileType = sourcecode.c.h; path = ResultListCell.h; sourceTree = "<group>"; };
		004248BB1E0FC555001B2224 /* ResultListCell.m */ = {isa = PBXFileReference; fileEncoding = 4; lastKnownFileType = sourcecode.c.objc; path = ResultListCell.m; sourceTree = "<group>"; };
		007C3CE61DF0782400859ED5 /* SWRevealViewController.h */ = {isa = PBXFileReference; fileEncoding = 4; lastKnownFileType = sourcecode.c.h; name = SWRevealViewController.h; path = SWRevealViewController/SWRevealViewController.h; sourceTree = "<group>"; };
		007C3CE71DF0782400859ED5 /* SWRevealViewController.m */ = {isa = PBXFileReference; fileEncoding = 4; lastKnownFileType = sourcecode.c.objc; name = SWRevealViewController.m; path = SWRevealViewController/SWRevealViewController.m; sourceTree = "<group>"; };
		007C3CE91DF0A25E00859ED5 /* reveal-icon.png */ = {isa = PBXFileReference; lastKnownFileType = image.png; name = "reveal-icon.png"; path = "PJNails/Resource/Image/reveal-icon.png"; sourceTree = "<group>"; };
		007C3CEA1DF0A25E00859ED5 /* reveal-icon@2x.png */ = {isa = PBXFileReference; lastKnownFileType = image.png; name = "reveal-icon@2x.png"; path = "PJNails/Resource/Image/reveal-icon@2x.png"; sourceTree = "<group>"; };
		6A1657BB1E07FAEB00A18F9E /* PaymentViewController.h */ = {isa = PBXFileReference; fileEncoding = 4; lastKnownFileType = sourcecode.c.h; path = PaymentViewController.h; sourceTree = "<group>"; };
		6A1657BC1E07FAEB00A18F9E /* PaymentViewController.m */ = {isa = PBXFileReference; fileEncoding = 4; lastKnownFileType = sourcecode.c.objc; path = PaymentViewController.m; sourceTree = "<group>"; };
		6A3758D11DEECCCC001FCEE4 /* AFHTTPSessionManager.h */ = {isa = PBXFileReference; fileEncoding = 4; lastKnownFileType = sourcecode.c.h; path = AFHTTPSessionManager.h; sourceTree = "<group>"; };
		6A3758D21DEECCCC001FCEE4 /* AFHTTPSessionManager.m */ = {isa = PBXFileReference; fileEncoding = 4; lastKnownFileType = sourcecode.c.objc; path = AFHTTPSessionManager.m; sourceTree = "<group>"; };
		6A3758D31DEECCCC001FCEE4 /* AFNetworking.h */ = {isa = PBXFileReference; fileEncoding = 4; lastKnownFileType = sourcecode.c.h; path = AFNetworking.h; sourceTree = "<group>"; };
		6A3758D41DEECCCC001FCEE4 /* AFNetworkReachabilityManager.h */ = {isa = PBXFileReference; fileEncoding = 4; lastKnownFileType = sourcecode.c.h; path = AFNetworkReachabilityManager.h; sourceTree = "<group>"; };
		6A3758D51DEECCCC001FCEE4 /* AFNetworkReachabilityManager.m */ = {isa = PBXFileReference; fileEncoding = 4; lastKnownFileType = sourcecode.c.objc; path = AFNetworkReachabilityManager.m; sourceTree = "<group>"; };
		6A3758D61DEECCCC001FCEE4 /* AFSecurityPolicy.h */ = {isa = PBXFileReference; fileEncoding = 4; lastKnownFileType = sourcecode.c.h; path = AFSecurityPolicy.h; sourceTree = "<group>"; };
		6A3758D71DEECCCC001FCEE4 /* AFSecurityPolicy.m */ = {isa = PBXFileReference; fileEncoding = 4; lastKnownFileType = sourcecode.c.objc; path = AFSecurityPolicy.m; sourceTree = "<group>"; };
		6A3758D81DEECCCC001FCEE4 /* AFURLRequestSerialization.h */ = {isa = PBXFileReference; fileEncoding = 4; lastKnownFileType = sourcecode.c.h; path = AFURLRequestSerialization.h; sourceTree = "<group>"; };
		6A3758D91DEECCCC001FCEE4 /* AFURLRequestSerialization.m */ = {isa = PBXFileReference; fileEncoding = 4; lastKnownFileType = sourcecode.c.objc; path = AFURLRequestSerialization.m; sourceTree = "<group>"; };
		6A3758DA1DEECCCC001FCEE4 /* AFURLResponseSerialization.h */ = {isa = PBXFileReference; fileEncoding = 4; lastKnownFileType = sourcecode.c.h; path = AFURLResponseSerialization.h; sourceTree = "<group>"; };
		6A3758DB1DEECCCC001FCEE4 /* AFURLResponseSerialization.m */ = {isa = PBXFileReference; fileEncoding = 4; lastKnownFileType = sourcecode.c.objc; path = AFURLResponseSerialization.m; sourceTree = "<group>"; };
		6A3758DC1DEECCCC001FCEE4 /* AFURLSessionManager.h */ = {isa = PBXFileReference; fileEncoding = 4; lastKnownFileType = sourcecode.c.h; path = AFURLSessionManager.h; sourceTree = "<group>"; };
		6A3758DD1DEECCCC001FCEE4 /* AFURLSessionManager.m */ = {isa = PBXFileReference; fileEncoding = 4; lastKnownFileType = sourcecode.c.objc; path = AFURLSessionManager.m; sourceTree = "<group>"; };
		6A3758DF1DEECCCC001FCEE4 /* NSMutableArray+SWUtilityButtons.h */ = {isa = PBXFileReference; fileEncoding = 4; lastKnownFileType = sourcecode.c.h; path = "NSMutableArray+SWUtilityButtons.h"; sourceTree = "<group>"; };
		6A3758E01DEECCCC001FCEE4 /* NSMutableArray+SWUtilityButtons.m */ = {isa = PBXFileReference; fileEncoding = 4; lastKnownFileType = sourcecode.c.objc; path = "NSMutableArray+SWUtilityButtons.m"; sourceTree = "<group>"; };
		6A3758E11DEECCCC001FCEE4 /* SWCellScrollView.h */ = {isa = PBXFileReference; fileEncoding = 4; lastKnownFileType = sourcecode.c.h; path = SWCellScrollView.h; sourceTree = "<group>"; };
		6A3758E21DEECCCC001FCEE4 /* SWCellScrollView.m */ = {isa = PBXFileReference; fileEncoding = 4; lastKnownFileType = sourcecode.c.objc; path = SWCellScrollView.m; sourceTree = "<group>"; };
		6A3758E31DEECCCC001FCEE4 /* SWLongPressGestureRecognizer.h */ = {isa = PBXFileReference; fileEncoding = 4; lastKnownFileType = sourcecode.c.h; path = SWLongPressGestureRecognizer.h; sourceTree = "<group>"; };
		6A3758E41DEECCCC001FCEE4 /* SWLongPressGestureRecognizer.m */ = {isa = PBXFileReference; fileEncoding = 4; lastKnownFileType = sourcecode.c.objc; path = SWLongPressGestureRecognizer.m; sourceTree = "<group>"; };
		6A3758E51DEECCCC001FCEE4 /* SWTableViewCell.h */ = {isa = PBXFileReference; fileEncoding = 4; lastKnownFileType = sourcecode.c.h; path = SWTableViewCell.h; sourceTree = "<group>"; };
		6A3758E61DEECCCC001FCEE4 /* SWTableViewCell.m */ = {isa = PBXFileReference; fileEncoding = 4; lastKnownFileType = sourcecode.c.objc; path = SWTableViewCell.m; sourceTree = "<group>"; };
		6A3758E71DEECCCC001FCEE4 /* SWUtilityButtonTapGestureRecognizer.h */ = {isa = PBXFileReference; fileEncoding = 4; lastKnownFileType = sourcecode.c.h; path = SWUtilityButtonTapGestureRecognizer.h; sourceTree = "<group>"; };
		6A3758E81DEECCCC001FCEE4 /* SWUtilityButtonTapGestureRecognizer.m */ = {isa = PBXFileReference; fileEncoding = 4; lastKnownFileType = sourcecode.c.objc; path = SWUtilityButtonTapGestureRecognizer.m; sourceTree = "<group>"; };
		6A3758E91DEECCCC001FCEE4 /* SWUtilityButtonView.h */ = {isa = PBXFileReference; fileEncoding = 4; lastKnownFileType = sourcecode.c.h; path = SWUtilityButtonView.h; sourceTree = "<group>"; };
		6A3758EA1DEECCCC001FCEE4 /* SWUtilityButtonView.m */ = {isa = PBXFileReference; fileEncoding = 4; lastKnownFileType = sourcecode.c.objc; path = SWUtilityButtonView.m; sourceTree = "<group>"; };
		6A39106F1E08CC470088524C /* ServicesCell.h */ = {isa = PBXFileReference; fileEncoding = 4; lastKnownFileType = sourcecode.c.h; path = ServicesCell.h; sourceTree = "<group>"; };
		6A3910701E08CC470088524C /* ServicesCell.m */ = {isa = PBXFileReference; fileEncoding = 4; lastKnownFileType = sourcecode.c.objc; path = ServicesCell.m; sourceTree = "<group>"; };
		6A3910721E08EB710088524C /* AddTipPopUpViewController.h */ = {isa = PBXFileReference; fileEncoding = 4; lastKnownFileType = sourcecode.c.h; path = AddTipPopUpViewController.h; sourceTree = "<group>"; };
		6A3910731E08EB710088524C /* AddTipPopUpViewController.m */ = {isa = PBXFileReference; fileEncoding = 4; lastKnownFileType = sourcecode.c.objc; path = AddTipPopUpViewController.m; sourceTree = "<group>"; };
		6A3910741E08EB710088524C /* AddTipPopUpViewController.xib */ = {isa = PBXFileReference; fileEncoding = 4; lastKnownFileType = file.xib; path = AddTipPopUpViewController.xib; sourceTree = "<group>"; };
		6A3910771E0931740088524C /* AddServicePopupController.h */ = {isa = PBXFileReference; fileEncoding = 4; lastKnownFileType = sourcecode.c.h; path = AddServicePopupController.h; sourceTree = "<group>"; };
		6A3910781E0931740088524C /* AddServicePopupController.m */ = {isa = PBXFileReference; fileEncoding = 4; lastKnownFileType = sourcecode.c.objc; path = AddServicePopupController.m; sourceTree = "<group>"; };
		6A3910791E0931740088524C /* AddServicePopupController.xib */ = {isa = PBXFileReference; fileEncoding = 4; lastKnownFileType = file.xib; path = AddServicePopupController.xib; sourceTree = "<group>"; };
		6A705F951E00EF6500BE07DE /* ServicesModel.h */ = {isa = PBXFileReference; fileEncoding = 4; lastKnownFileType = sourcecode.c.h; path = ServicesModel.h; sourceTree = "<group>"; };
		6A705F961E00EF6500BE07DE /* ServicesModel.m */ = {isa = PBXFileReference; fileEncoding = 4; lastKnownFileType = sourcecode.c.objc; path = ServicesModel.m; sourceTree = "<group>"; };
		6A93E2451DFE9B3400F1DF32 /* BillingDetailsViewController.h */ = {isa = PBXFileReference; fileEncoding = 4; lastKnownFileType = sourcecode.c.h; path = BillingDetailsViewController.h; sourceTree = "<group>"; };
		6A93E2461DFE9B3400F1DF32 /* BillingDetailsViewController.m */ = {isa = PBXFileReference; fileEncoding = 4; lastKnownFileType = sourcecode.c.objc; path = BillingDetailsViewController.m; sourceTree = "<group>"; };
		6A93E2481DFE9CB800F1DF32 /* BillingDetailsModel.h */ = {isa = PBXFileReference; fileEncoding = 4; lastKnownFileType = sourcecode.c.h; path = BillingDetailsModel.h; sourceTree = "<group>"; };
		6A93E2491DFE9CB800F1DF32 /* BillingDetailsModel.m */ = {isa = PBXFileReference; fileEncoding = 4; lastKnownFileType = sourcecode.c.objc; path = BillingDetailsModel.m; sourceTree = "<group>"; };
		6A93E24B1DFE9D3900F1DF32 /* BillingModel.h */ = {isa = PBXFileReference; fileEncoding = 4; lastKnownFileType = sourcecode.c.h; path = BillingModel.h; sourceTree = "<group>"; };
		6A93E24C1DFE9D3900F1DF32 /* BillingModel.m */ = {isa = PBXFileReference; fileEncoding = 4; lastKnownFileType = sourcecode.c.objc; path = BillingModel.m; sourceTree = "<group>"; };
		6AD1C4231E02A36E007178DB /* MBProgressHUD.h */ = {isa = PBXFileReference; fileEncoding = 4; lastKnownFileType = sourcecode.c.h; path = MBProgressHUD.h; sourceTree = "<group>"; };
		6AD1C4241E02A36E007178DB /* MBProgressHUD.m */ = {isa = PBXFileReference; fileEncoding = 4; lastKnownFileType = sourcecode.c.objc; path = MBProgressHUD.m; sourceTree = "<group>"; };
		6AE343D31E0121B500CA7FC8 /* BillingDetailsCell.h */ = {isa = PBXFileReference; fileEncoding = 4; lastKnownFileType = sourcecode.c.h; path = BillingDetailsCell.h; sourceTree = "<group>"; };
		6AE343D41E0121B500CA7FC8 /* BillingDetailsCell.m */ = {isa = PBXFileReference; fileEncoding = 4; lastKnownFileType = sourcecode.c.objc; path = BillingDetailsCell.m; sourceTree = "<group>"; };
		6AE343D61E01240A00CA7FC8 /* services.png */ = {isa = PBXFileReference; lastKnownFileType = image.png; name = services.png; path = PJNails/Resource/Image/services.png; sourceTree = "<group>"; };
		A2972AC21CDAE729004051D1 /* CustomerRegisterController.h */ = {isa = PBXFileReference; fileEncoding = 4; lastKnownFileType = sourcecode.c.h; path = CustomerRegisterController.h; sourceTree = "<group>"; };
		A2972AC31CDAE729004051D1 /* CustomerRegisterController.m */ = {isa = PBXFileReference; fileEncoding = 4; lastKnownFileType = sourcecode.c.objc; path = CustomerRegisterController.m; sourceTree = "<group>"; };
		A2972AC61CDB2CCA004051D1 /* CustomerAppointmentController.h */ = {isa = PBXFileReference; fileEncoding = 4; lastKnownFileType = sourcecode.c.h; path = CustomerAppointmentController.h; sourceTree = "<group>"; };
		A2972AC71CDB2CCA004051D1 /* CustomerAppointmentController.m */ = {isa = PBXFileReference; fileEncoding = 4; lastKnownFileType = sourcecode.c.objc; path = CustomerAppointmentController.m; sourceTree = "<group>"; };
		A2CB068A1CD1B968000F66A8 /* AppDelegate.h */ = {isa = PBXFileReference; fileEncoding = 4; lastKnownFileType = sourcecode.c.h; name = AppDelegate.h; path = PJNails/AppDelegate.h; sourceTree = "<group>"; };
		A2CB068B1CD1B968000F66A8 /* AppDelegate.m */ = {isa = PBXFileReference; fileEncoding = 4; lastKnownFileType = sourcecode.c.objc; name = AppDelegate.m; path = PJNails/AppDelegate.m; sourceTree = "<group>"; };
		A2CB068C1CD1B968000F66A8 /* Assets.xcassets */ = {isa = PBXFileReference; lastKnownFileType = folder.assetcatalog; name = Assets.xcassets; path = PJNails/Assets.xcassets; sourceTree = "<group>"; };
		A2CB06911CD1B968000F66A8 /* Info.plist */ = {isa = PBXFileReference; fileEncoding = 4; lastKnownFileType = text.plist.xml; name = Info.plist; path = PJNails/Info.plist; sourceTree = "<group>"; };
		A2CB06921CD1B968000F66A8 /* LoginController.h */ = {isa = PBXFileReference; fileEncoding = 4; lastKnownFileType = sourcecode.c.h; name = LoginController.h; path = PJNails/LoginController.h; sourceTree = "<group>"; };
		A2CB06931CD1B968000F66A8 /* main.m */ = {isa = PBXFileReference; fileEncoding = 4; lastKnownFileType = sourcecode.c.objc; name = main.m; path = PJNails/main.m; sourceTree = "<group>"; };
		A2CB06951CD1B968000F66A8 /* LoginController.m */ = {isa = PBXFileReference; fileEncoding = 4; lastKnownFileType = sourcecode.c.objc; name = LoginController.m; path = PJNails/LoginController.m; sourceTree = "<group>"; };
		A2CB06A01CD1B9A8000F66A8 /* Main.storyboard */ = {isa = PBXFileReference; fileEncoding = 4; lastKnownFileType = file.storyboard; name = Main.storyboard; path = PJNails/Base.lproj/Main.storyboard; sourceTree = "<group>"; };
		A2CB06B01CD1C788000F66A8 /* UserMain.h */ = {isa = PBXFileReference; fileEncoding = 4; lastKnownFileType = sourcecode.c.h; path = UserMain.h; sourceTree = "<group>"; };
		A2CB06B11CD1C788000F66A8 /* UserMain.m */ = {isa = PBXFileReference; fileEncoding = 4; lastKnownFileType = sourcecode.c.objc; path = UserMain.m; sourceTree = "<group>"; };
		A2CB06B31CD1CE7A000F66A8 /* CustomerListController.h */ = {isa = PBXFileReference; fileEncoding = 4; lastKnownFileType = sourcecode.c.h; path = CustomerListController.h; sourceTree = "<group>"; };
		A2CB06B41CD1CE7A000F66A8 /* CustomerListController.m */ = {isa = PBXFileReference; fileEncoding = 4; lastKnownFileType = sourcecode.c.objc; path = CustomerListController.m; sourceTree = "<group>"; };
		A2CB06B61CD1D6B5000F66A8 /* checked-icon.png */ = {isa = PBXFileReference; lastKnownFileType = image.png; name = "checked-icon.png"; path = "PJNails/Resource/Image/checked-icon.png"; sourceTree = "<group>"; };
		A2CB06B81CD1E89D000F66A8 /* appointment-tabIcon.png */ = {isa = PBXFileReference; lastKnownFileType = image.png; name = "appointment-tabIcon.png"; path = "PJNails/Resource/Image/appointment-tabIcon.png"; sourceTree = "<group>"; };
		A2CB06B91CD1E89D000F66A8 /* list-tabIcon.png */ = {isa = PBXFileReference; lastKnownFileType = image.png; name = "list-tabIcon.png"; path = "PJNails/Resource/Image/list-tabIcon.png"; sourceTree = "<group>"; };
		A2CB06BA1CD1E89D000F66A8 /* register-tabIcon.png */ = {isa = PBXFileReference; lastKnownFileType = image.png; name = "register-tabIcon.png"; path = "PJNails/Resource/Image/register-tabIcon.png"; sourceTree = "<group>"; };
		A2CB06BE1CD1ECA5000F66A8 /* user-icon.png */ = {isa = PBXFileReference; lastKnownFileType = image.png; name = "user-icon.png"; path = "PJNails/Resource/Image/user-icon.png"; sourceTree = "<group>"; };
		A2CB06D41CD1F0E2000F66A8 /* CustomerListCell.h */ = {isa = PBXFileReference; fileEncoding = 4; lastKnownFileType = sourcecode.c.h; path = CustomerListCell.h; sourceTree = "<group>"; };
		A2CB06D51CD1F0E2000F66A8 /* CustomerListCell.m */ = {isa = PBXFileReference; fileEncoding = 4; lastKnownFileType = sourcecode.c.objc; path = CustomerListCell.m; sourceTree = "<group>"; };
		A2CB06D81CD1F753000F66A8 /* UIKit.framework */ = {isa = PBXFileReference; lastKnownFileType = wrapper.framework; name = UIKit.framework; path = System/Library/Frameworks/UIKit.framework; sourceTree = SDKROOT; };
		A2CB06EF1CD1FF8F000F66A8 /* uncheck-icon.png */ = {isa = PBXFileReference; lastKnownFileType = image.png; name = "uncheck-icon.png"; path = "PJNails/Resource/Image/uncheck-icon.png"; sourceTree = "<group>"; };
		A2CE4B651CD0B06D00436DF1 /* PJNails.app */ = {isa = PBXFileReference; explicitFileType = wrapper.application; includeInIndex = 0; path = PJNails.app; sourceTree = BUILT_PRODUCTS_DIR; };
		A2CE4B7E1CD0B06D00436DF1 /* PJNailsTests.xctest */ = {isa = PBXFileReference; explicitFileType = wrapper.cfbundle; includeInIndex = 0; path = PJNailsTests.xctest; sourceTree = BUILT_PRODUCTS_DIR; };
		A2CE4B821CD0B06D00436DF1 /* PJNailsTests.m */ = {isa = PBXFileReference; lastKnownFileType = sourcecode.c.objc; path = PJNailsTests.m; sourceTree = "<group>"; };
		A2CE4B841CD0B06D00436DF1 /* Info.plist */ = {isa = PBXFileReference; lastKnownFileType = text.plist.xml; path = Info.plist; sourceTree = "<group>"; };
		A2CE4B891CD0B06D00436DF1 /* PJNailsUITests.xctest */ = {isa = PBXFileReference; explicitFileType = wrapper.cfbundle; includeInIndex = 0; path = PJNailsUITests.xctest; sourceTree = BUILT_PRODUCTS_DIR; };
		A2CE4B8D1CD0B06D00436DF1 /* PJNailsUITests.m */ = {isa = PBXFileReference; lastKnownFileType = sourcecode.c.objc; path = PJNailsUITests.m; sourceTree = "<group>"; };
		A2CE4B8F1CD0B06D00436DF1 /* Info.plist */ = {isa = PBXFileReference; lastKnownFileType = text.plist.xml; path = Info.plist; sourceTree = "<group>"; };
/* End PBXFileReference section */

/* Begin PBXFrameworksBuildPhase section */
		A2CE4B621CD0B06D00436DF1 /* Frameworks */ = {
			isa = PBXFrameworksBuildPhase;
			buildActionMask = 2147483647;
			files = (
				A2CB06D91CD1F753000F66A8 /* UIKit.framework in Frameworks */,
			);
			runOnlyForDeploymentPostprocessing = 0;
		};
		A2CE4B7B1CD0B06D00436DF1 /* Frameworks */ = {
			isa = PBXFrameworksBuildPhase;
			buildActionMask = 2147483647;
			files = (
			);
			runOnlyForDeploymentPostprocessing = 0;
		};
		A2CE4B861CD0B06D00436DF1 /* Frameworks */ = {
			isa = PBXFrameworksBuildPhase;
			buildActionMask = 2147483647;
			files = (
			);
			runOnlyForDeploymentPostprocessing = 0;
		};
/* End PBXFrameworksBuildPhase section */

/* Begin PBXGroup section */
		000A98691DF1C37600D9FB52 /* Login */ = {
			isa = PBXGroup;
			children = (
				A2CB06921CD1B968000F66A8 /* LoginController.h */,
				A2CB06951CD1B968000F66A8 /* LoginController.m */,
			);
			name = Login;
			sourceTree = "<group>";
		};
		000A986A1DF1C38000D9FB52 /* ViewController */ = {
			isa = PBXGroup;
			children = (
				000A98691DF1C37600D9FB52 /* Login */,
				A2972AC51CDB2CB3004051D1 /* CustomerAppointment */,
				A2972AC11CDAE286004051D1 /* CustomerRegister */,
				A2CB06D71CD1F0F3000F66A8 /* CustomerList */,
				000A986F1DF4531500D9FB52 /* CustomerDetails */,
				000A98781DF5E76D00D9FB52 /* BillingList */,
				6A93E2441DFE90B700F1DF32 /* BillingDetails */,
				6A1657B41E07F09B00A18F9E /* Payment */,
			);
			name = ViewController;
			sourceTree = "<group>";
		};
		000A986F1DF4531500D9FB52 /* CustomerDetails */ = {
			isa = PBXGroup;
			children = (
				000A98701DF4535A00D9FB52 /* CustomerDetailsController.h */,
				000A98711DF4535A00D9FB52 /* CustomerDetailsController.m */,
			);
			name = CustomerDetails;
			sourceTree = "<group>";
		};
		000A98781DF5E76D00D9FB52 /* BillingList */ = {
			isa = PBXGroup;
			children = (
				000A98791DF5E9E100D9FB52 /* BillingListController.h */,
				000A987A1DF5E9E100D9FB52 /* BillingListController.m */,
				000A987C1DF5EB8F00D9FB52 /* BillingListCell.h */,
				000A987D1DF5EB8F00D9FB52 /* BillingListCell.m */,
				6A93E24B1DFE9D3900F1DF32 /* BillingModel.h */,
				6A93E24C1DFE9D3900F1DF32 /* BillingModel.m */,
				004248B71E0FBDC7001B2224 /* SearchCustomerViewController.h */,
				004248B81E0FBDC7001B2224 /* SearchCustomerViewController.m */,
				004248BA1E0FC555001B2224 /* ResultListCell.h */,
				004248BB1E0FC555001B2224 /* ResultListCell.m */,
			);
			name = BillingList;
			sourceTree = "<group>";
		};
		007C3CE51DF0780000859ED5 /* SWRevealViewController */ = {
			isa = PBXGroup;
			children = (
				007C3CE61DF0782400859ED5 /* SWRevealViewController.h */,
				007C3CE71DF0782400859ED5 /* SWRevealViewController.m */,
			);
			name = SWRevealViewController;
			sourceTree = "<group>";
		};
		6A1657B41E07F09B00A18F9E /* Payment */ = {
			isa = PBXGroup;
			children = (
				6A3910721E08EB710088524C /* AddTipPopUpViewController.h */,
				6A3910731E08EB710088524C /* AddTipPopUpViewController.m */,
				6A3910741E08EB710088524C /* AddTipPopUpViewController.xib */,
				6A1657BB1E07FAEB00A18F9E /* PaymentViewController.h */,
				6A1657BC1E07FAEB00A18F9E /* PaymentViewController.m */,
				6A39106F1E08CC470088524C /* ServicesCell.h */,
				6A3910701E08CC470088524C /* ServicesCell.m */,
			);
			name = Payment;
			sourceTree = "<group>";
		};
		6A3758CF1DEECCCC001FCEE4 /* Libs */ = {
			isa = PBXGroup;
			children = (
				6AD1C4221E02A36E007178DB /* MBProgressHUD */,
				007C3CE51DF0780000859ED5 /* SWRevealViewController */,
				6A3758D01DEECCCC001FCEE4 /* AFNetworking */,
				6A3758DE1DEECCCC001FCEE4 /* SWTable */,
			);
			name = Libs;
			path = PJNails/Libs;
			sourceTree = "<group>";
		};
		6A3758D01DEECCCC001FCEE4 /* AFNetworking */ = {
			isa = PBXGroup;
			children = (
				6A3758D11DEECCCC001FCEE4 /* AFHTTPSessionManager.h */,
				6A3758D21DEECCCC001FCEE4 /* AFHTTPSessionManager.m */,
				6A3758D31DEECCCC001FCEE4 /* AFNetworking.h */,
				6A3758D41DEECCCC001FCEE4 /* AFNetworkReachabilityManager.h */,
				6A3758D51DEECCCC001FCEE4 /* AFNetworkReachabilityManager.m */,
				6A3758D61DEECCCC001FCEE4 /* AFSecurityPolicy.h */,
				6A3758D71DEECCCC001FCEE4 /* AFSecurityPolicy.m */,
				6A3758D81DEECCCC001FCEE4 /* AFURLRequestSerialization.h */,
				6A3758D91DEECCCC001FCEE4 /* AFURLRequestSerialization.m */,
				6A3758DA1DEECCCC001FCEE4 /* AFURLResponseSerialization.h */,
				6A3758DB1DEECCCC001FCEE4 /* AFURLResponseSerialization.m */,
				6A3758DC1DEECCCC001FCEE4 /* AFURLSessionManager.h */,
				6A3758DD1DEECCCC001FCEE4 /* AFURLSessionManager.m */,
			);
			path = AFNetworking;
			sourceTree = "<group>";
		};
		6A3758DE1DEECCCC001FCEE4 /* SWTable */ = {
			isa = PBXGroup;
			children = (
				6A3758DF1DEECCCC001FCEE4 /* NSMutableArray+SWUtilityButtons.h */,
				6A3758E01DEECCCC001FCEE4 /* NSMutableArray+SWUtilityButtons.m */,
				6A3758E11DEECCCC001FCEE4 /* SWCellScrollView.h */,
				6A3758E21DEECCCC001FCEE4 /* SWCellScrollView.m */,
				6A3758E31DEECCCC001FCEE4 /* SWLongPressGestureRecognizer.h */,
				6A3758E41DEECCCC001FCEE4 /* SWLongPressGestureRecognizer.m */,
				6A3758E51DEECCCC001FCEE4 /* SWTableViewCell.h */,
				6A3758E61DEECCCC001FCEE4 /* SWTableViewCell.m */,
				6A3758E71DEECCCC001FCEE4 /* SWUtilityButtonTapGestureRecognizer.h */,
				6A3758E81DEECCCC001FCEE4 /* SWUtilityButtonTapGestureRecognizer.m */,
				6A3758E91DEECCCC001FCEE4 /* SWUtilityButtonView.h */,
				6A3758EA1DEECCCC001FCEE4 /* SWUtilityButtonView.m */,
			);
			path = SWTable;
			sourceTree = "<group>";
		};
		6A93E2441DFE90B700F1DF32 /* BillingDetails */ = {
			isa = PBXGroup;
			children = (
				6A3910771E0931740088524C /* AddServicePopupController.h */,
				6A3910781E0931740088524C /* AddServicePopupController.m */,
				6A3910791E0931740088524C /* AddServicePopupController.xib */,
				6A93E2451DFE9B3400F1DF32 /* BillingDetailsViewController.h */,
				6A93E2461DFE9B3400F1DF32 /* BillingDetailsViewController.m */,
				6A93E2481DFE9CB800F1DF32 /* BillingDetailsModel.h */,
				6A93E2491DFE9CB800F1DF32 /* BillingDetailsModel.m */,
				6A705F951E00EF6500BE07DE /* ServicesModel.h */,
				6A705F961E00EF6500BE07DE /* ServicesModel.m */,
				6AE343D31E0121B500CA7FC8 /* BillingDetailsCell.h */,
				6AE343D41E0121B500CA7FC8 /* BillingDetailsCell.m */,
			);
			name = BillingDetails;
			sourceTree = "<group>";
		};
		6AD1C4221E02A36E007178DB /* MBProgressHUD */ = {
			isa = PBXGroup;
			children = (
				6AD1C4231E02A36E007178DB /* MBProgressHUD.h */,
				6AD1C4241E02A36E007178DB /* MBProgressHUD.m */,
			);
			path = MBProgressHUD;
			sourceTree = "<group>";
		};
		A2972AC11CDAE286004051D1 /* CustomerRegister */ = {
			isa = PBXGroup;
			children = (
				A2972AC21CDAE729004051D1 /* CustomerRegisterController.h */,
				A2972AC31CDAE729004051D1 /* CustomerRegisterController.m */,
			);
			name = CustomerRegister;
			sourceTree = "<group>";
		};
		A2972AC51CDB2CB3004051D1 /* CustomerAppointment */ = {
			isa = PBXGroup;
			children = (
				A2972AC61CDB2CCA004051D1 /* CustomerAppointmentController.h */,
				A2972AC71CDB2CCA004051D1 /* CustomerAppointmentController.m */,
			);
			name = CustomerAppointment;
			sourceTree = "<group>";
		};
		A2CB06891CD1B95B000F66A8 /* PJNails */ = {
			isa = PBXGroup;
			children = (
				000A986A1DF1C38000D9FB52 /* ViewController */,
				6A3758CF1DEECCCC001FCEE4 /* Libs */,
				A2CB06A01CD1B9A8000F66A8 /* Main.storyboard */,
				A2CB068A1CD1B968000F66A8 /* AppDelegate.h */,
				A2CB068B1CD1B968000F66A8 /* AppDelegate.m */,
				A2CB06B01CD1C788000F66A8 /* UserMain.h */,
				A2CB06B11CD1C788000F66A8 /* UserMain.m */,
				A2CB068C1CD1B968000F66A8 /* Assets.xcassets */,
				A2CB06931CD1B968000F66A8 /* main.m */,
				A2CB06911CD1B968000F66A8 /* Info.plist */,
				000A98661DF1C36000D9FB52 /* DefineClass.h */,
				000A98671DF1C36000D9FB52 /* DefineClass.m */,
			);
			name = PJNails;
			sourceTree = "<group>";
		};
		A2CB06A31CD1B9C6000F66A8 /* Resource */ = {
			isa = PBXGroup;
			children = (
				A2CB06A61CD1BA28000F66A8 /* Image */,
			);
			name = Resource;
			sourceTree = "<group>";
		};
		A2CB06A61CD1BA28000F66A8 /* Image */ = {
			isa = PBXGroup;
			children = (
				6AE343D61E01240A00CA7FC8 /* services.png */,
				000A98731DF49AF700D9FB52 /* default-avatar.jpg */,
				007C3CE91DF0A25E00859ED5 /* reveal-icon.png */,
				007C3CEA1DF0A25E00859ED5 /* reveal-icon@2x.png */,
				A2CB06EF1CD1FF8F000F66A8 /* uncheck-icon.png */,
				A2CB06BE1CD1ECA5000F66A8 /* user-icon.png */,
				A2CB06B81CD1E89D000F66A8 /* appointment-tabIcon.png */,
				A2CB06B91CD1E89D000F66A8 /* list-tabIcon.png */,
				A2CB06BA1CD1E89D000F66A8 /* register-tabIcon.png */,
				A2CB06B61CD1D6B5000F66A8 /* checked-icon.png */,
			);
			name = Image;
			sourceTree = "<group>";
		};
		A2CB06D71CD1F0F3000F66A8 /* CustomerList */ = {
			isa = PBXGroup;
			children = (
				A2CB06B31CD1CE7A000F66A8 /* CustomerListController.h */,
				A2CB06B41CD1CE7A000F66A8 /* CustomerListController.m */,
				000A98751DF4A56500D9FB52 /* AddCustomer.h */,
				000A98761DF4A56500D9FB52 /* AddCustomer.m */,
				A2CB06D41CD1F0E2000F66A8 /* CustomerListCell.h */,
				A2CB06D51CD1F0E2000F66A8 /* CustomerListCell.m */,
				000A986C1DF3D81800D9FB52 /* CustomerModel.h */,
				000A986D1DF3D81800D9FB52 /* CustomerModel.m */,
			);
			name = CustomerList;
			sourceTree = "<group>";
		};
		A2CE4B5C1CD0B06D00436DF1 = {
			isa = PBXGroup;
			children = (
				A2CB06D81CD1F753000F66A8 /* UIKit.framework */,
				A2CB06891CD1B95B000F66A8 /* PJNails */,
				A2CB06A31CD1B9C6000F66A8 /* Resource */,
				A2CE4B811CD0B06D00436DF1 /* PJNailsTests */,
				A2CE4B8C1CD0B06D00436DF1 /* PJNailsUITests */,
				A2CE4B661CD0B06D00436DF1 /* Products */,
			);
			sourceTree = "<group>";
		};
		A2CE4B661CD0B06D00436DF1 /* Products */ = {
			isa = PBXGroup;
			children = (
				A2CE4B651CD0B06D00436DF1 /* PJNails.app */,
				A2CE4B7E1CD0B06D00436DF1 /* PJNailsTests.xctest */,
				A2CE4B891CD0B06D00436DF1 /* PJNailsUITests.xctest */,
			);
			name = Products;
			sourceTree = "<group>";
		};
		A2CE4B811CD0B06D00436DF1 /* PJNailsTests */ = {
			isa = PBXGroup;
			children = (
				A2CE4B821CD0B06D00436DF1 /* PJNailsTests.m */,
				A2CE4B841CD0B06D00436DF1 /* Info.plist */,
			);
			path = PJNailsTests;
			sourceTree = "<group>";
		};
		A2CE4B8C1CD0B06D00436DF1 /* PJNailsUITests */ = {
			isa = PBXGroup;
			children = (
				A2CE4B8D1CD0B06D00436DF1 /* PJNailsUITests.m */,
				A2CE4B8F1CD0B06D00436DF1 /* Info.plist */,
			);
			path = PJNailsUITests;
			sourceTree = "<group>";
		};
/* End PBXGroup section */

/* Begin PBXNativeTarget section */
		A2CE4B641CD0B06D00436DF1 /* PJNails */ = {
			isa = PBXNativeTarget;
			buildConfigurationList = A2CE4B921CD0B06D00436DF1 /* Build configuration list for PBXNativeTarget "PJNails" */;
			buildPhases = (
				A2CE4B611CD0B06D00436DF1 /* Sources */,
				A2CE4B621CD0B06D00436DF1 /* Frameworks */,
				A2CE4B631CD0B06D00436DF1 /* Resources */,
			);
			buildRules = (
			);
			dependencies = (
			);
			name = PJNails;
			productName = PJNails;
			productReference = A2CE4B651CD0B06D00436DF1 /* PJNails.app */;
			productType = "com.apple.product-type.application";
		};
		A2CE4B7D1CD0B06D00436DF1 /* PJNailsTests */ = {
			isa = PBXNativeTarget;
			buildConfigurationList = A2CE4B951CD0B06D00436DF1 /* Build configuration list for PBXNativeTarget "PJNailsTests" */;
			buildPhases = (
				A2CE4B7A1CD0B06D00436DF1 /* Sources */,
				A2CE4B7B1CD0B06D00436DF1 /* Frameworks */,
				A2CE4B7C1CD0B06D00436DF1 /* Resources */,
			);
			buildRules = (
			);
			dependencies = (
				A2CE4B801CD0B06D00436DF1 /* PBXTargetDependency */,
			);
			name = PJNailsTests;
			productName = PJNailsTests;
			productReference = A2CE4B7E1CD0B06D00436DF1 /* PJNailsTests.xctest */;
			productType = "com.apple.product-type.bundle.unit-test";
		};
		A2CE4B881CD0B06D00436DF1 /* PJNailsUITests */ = {
			isa = PBXNativeTarget;
			buildConfigurationList = A2CE4B981CD0B06D00436DF1 /* Build configuration list for PBXNativeTarget "PJNailsUITests" */;
			buildPhases = (
				A2CE4B851CD0B06D00436DF1 /* Sources */,
				A2CE4B861CD0B06D00436DF1 /* Frameworks */,
				A2CE4B871CD0B06D00436DF1 /* Resources */,
			);
			buildRules = (
			);
			dependencies = (
				A2CE4B8B1CD0B06D00436DF1 /* PBXTargetDependency */,
			);
			name = PJNailsUITests;
			productName = PJNailsUITests;
			productReference = A2CE4B891CD0B06D00436DF1 /* PJNailsUITests.xctest */;
			productType = "com.apple.product-type.bundle.ui-testing";
		};
/* End PBXNativeTarget section */

/* Begin PBXProject section */
		A2CE4B5D1CD0B06D00436DF1 /* Project object */ = {
			isa = PBXProject;
			attributes = {
				LastUpgradeCheck = 0730;
				ORGANIZATIONNAME = LQTC;
				TargetAttributes = {
					A2CE4B641CD0B06D00436DF1 = {
						CreatedOnToolsVersion = 7.3;
						LastSwiftMigration = 0810;
					};
					A2CE4B7D1CD0B06D00436DF1 = {
						CreatedOnToolsVersion = 7.3;
						TestTargetID = A2CE4B641CD0B06D00436DF1;
					};
					A2CE4B881CD0B06D00436DF1 = {
						CreatedOnToolsVersion = 7.3;
						TestTargetID = A2CE4B641CD0B06D00436DF1;
					};
				};
			};
			buildConfigurationList = A2CE4B601CD0B06D00436DF1 /* Build configuration list for PBXProject "PJNails" */;
			compatibilityVersion = "Xcode 3.2";
			developmentRegion = English;
			hasScannedForEncodings = 0;
			knownRegions = (
				en,
				Base,
			);
			mainGroup = A2CE4B5C1CD0B06D00436DF1;
			productRefGroup = A2CE4B661CD0B06D00436DF1 /* Products */;
			projectDirPath = "";
			projectRoot = "";
			targets = (
				A2CE4B641CD0B06D00436DF1 /* PJNails */,
				A2CE4B7D1CD0B06D00436DF1 /* PJNailsTests */,
				A2CE4B881CD0B06D00436DF1 /* PJNailsUITests */,
			);
		};
/* End PBXProject section */

/* Begin PBXResourcesBuildPhase section */
		A2CE4B631CD0B06D00436DF1 /* Resources */ = {
			isa = PBXResourcesBuildPhase;
			buildActionMask = 2147483647;
			files = (
				A2CB06B71CD1D6B5000F66A8 /* checked-icon.png in Resources */,
				A2CB06A21CD1B9A8000F66A8 /* Main.storyboard in Resources */,
				000A98741DF49AF700D9FB52 /* default-avatar.jpg in Resources */,
				007C3CEC1DF0A25E00859ED5 /* reveal-icon@2x.png in Resources */,
				A2CB06BC1CD1E89D000F66A8 /* list-tabIcon.png in Resources */,
				6A39107B1E0931740088524C /* AddServicePopupController.xib in Resources */,
				A2CB06971CD1B968000F66A8 /* Assets.xcassets in Resources */,
				6AE343D71E01240A00CA7FC8 /* services.png in Resources */,
				A2CB06F01CD1FF8F000F66A8 /* uncheck-icon.png in Resources */,
				A2CB06BD1CD1E89D000F66A8 /* register-tabIcon.png in Resources */,
				A2CB06BF1CD1ECA6000F66A8 /* user-icon.png in Resources */,
				A2CB06BB1CD1E89D000F66A8 /* appointment-tabIcon.png in Resources */,
				6A3910761E08EB710088524C /* AddTipPopUpViewController.xib in Resources */,
				A2CB069B1CD1B968000F66A8 /* Info.plist in Resources */,
				007C3CEB1DF0A25E00859ED5 /* reveal-icon.png in Resources */,
			);
			runOnlyForDeploymentPostprocessing = 0;
		};
		A2CE4B7C1CD0B06D00436DF1 /* Resources */ = {
			isa = PBXResourcesBuildPhase;
			buildActionMask = 2147483647;
			files = (
			);
			runOnlyForDeploymentPostprocessing = 0;
		};
		A2CE4B871CD0B06D00436DF1 /* Resources */ = {
			isa = PBXResourcesBuildPhase;
			buildActionMask = 2147483647;
			files = (
			);
			runOnlyForDeploymentPostprocessing = 0;
		};
/* End PBXResourcesBuildPhase section */

/* Begin PBXSourcesBuildPhase section */
		A2CE4B611CD0B06D00436DF1 /* Sources */ = {
			isa = PBXSourcesBuildPhase;
			buildActionMask = 2147483647;
			files = (
				A2CB06B21CD1C788000F66A8 /* UserMain.m in Sources */,
				6A93E2471DFE9B3400F1DF32 /* BillingDetailsViewController.m in Sources */,
				6A39107A1E0931740088524C /* AddServicePopupController.m in Sources */,
				A2972AC81CDB2CCA004051D1 /* CustomerAppointmentController.m in Sources */,
				000A98721DF4535A00D9FB52 /* CustomerDetailsController.m in Sources */,
				6AD1C4251E02A36E007178DB /* MBProgressHUD.m in Sources */,
				A2972AC41CDAE729004051D1 /* CustomerRegisterController.m in Sources */,
				6A3758F01DEECCCC001FCEE4 /* AFURLSessionManager.m in Sources */,
				6A3758F51DEECCCC001FCEE4 /* SWUtilityButtonTapGestureRecognizer.m in Sources */,
				6A3758EC1DEECCCC001FCEE4 /* AFNetworkReachabilityManager.m in Sources */,
				A2CB06B51CD1CE7A000F66A8 /* CustomerListController.m in Sources */,
				A2CB06D61CD1F0E2000F66A8 /* CustomerListCell.m in Sources */,
				004248BC1E0FC555001B2224 /* ResultListCell.m in Sources */,
				004248B91E0FBDC7001B2224 /* SearchCustomerViewController.m in Sources */,
				6A3758F31DEECCCC001FCEE4 /* SWLongPressGestureRecognizer.m in Sources */,
				000A98681DF1C36000D9FB52 /* DefineClass.m in Sources */,
				6A3758EF1DEECCCC001FCEE4 /* AFURLResponseSerialization.m in Sources */,
				000A986E1DF3D81800D9FB52 /* CustomerModel.m in Sources */,
				6A3758F21DEECCCC001FCEE4 /* SWCellScrollView.m in Sources */,
				6A3758EE1DEECCCC001FCEE4 /* AFURLRequestSerialization.m in Sources */,
				000A987E1DF5EB8F00D9FB52 /* BillingListCell.m in Sources */,
				000A987B1DF5E9E100D9FB52 /* BillingListController.m in Sources */,
				6A705F971E00EF6500BE07DE /* ServicesModel.m in Sources */,
				6A3910711E08CC470088524C /* ServicesCell.m in Sources */,
				6A3758ED1DEECCCC001FCEE4 /* AFSecurityPolicy.m in Sources */,
				6A3758F41DEECCCC001FCEE4 /* SWTableViewCell.m in Sources */,
				6A3910751E08EB710088524C /* AddTipPopUpViewController.m in Sources */,
				007C3CE81DF0782400859ED5 /* SWRevealViewController.m in Sources */,
				6AE343D51E0121B500CA7FC8 /* BillingDetailsCell.m in Sources */,
				A2CB069C1CD1B968000F66A8 /* main.m in Sources */,
				6A3758F61DEECCCC001FCEE4 /* SWUtilityButtonView.m in Sources */,
				6A3758F11DEECCCC001FCEE4 /* NSMutableArray+SWUtilityButtons.m in Sources */,
				6A3758EB1DEECCCC001FCEE4 /* AFHTTPSessionManager.m in Sources */,
				A2CB069E1CD1B968000F66A8 /* LoginController.m in Sources */,
				000A98771DF4A56500D9FB52 /* AddCustomer.m in Sources */,
				A2CB06961CD1B968000F66A8 /* AppDelegate.m in Sources */,
				6A93E24A1DFE9CB800F1DF32 /* BillingDetailsModel.m in Sources */,
				6A1657BD1E07FAEB00A18F9E /* PaymentViewController.m in Sources */,
				6A93E24D1DFE9D3900F1DF32 /* BillingModel.m in Sources */,
			);
			runOnlyForDeploymentPostprocessing = 0;
		};
		A2CE4B7A1CD0B06D00436DF1 /* Sources */ = {
			isa = PBXSourcesBuildPhase;
			buildActionMask = 2147483647;
			files = (
				A2CE4B831CD0B06D00436DF1 /* PJNailsTests.m in Sources */,
			);
			runOnlyForDeploymentPostprocessing = 0;
		};
		A2CE4B851CD0B06D00436DF1 /* Sources */ = {
			isa = PBXSourcesBuildPhase;
			buildActionMask = 2147483647;
			files = (
				A2CE4B8E1CD0B06D00436DF1 /* PJNailsUITests.m in Sources */,
			);
			runOnlyForDeploymentPostprocessing = 0;
		};
/* End PBXSourcesBuildPhase section */

/* Begin PBXTargetDependency section */
		A2CE4B801CD0B06D00436DF1 /* PBXTargetDependency */ = {
			isa = PBXTargetDependency;
			target = A2CE4B641CD0B06D00436DF1 /* PJNails */;
			targetProxy = A2CE4B7F1CD0B06D00436DF1 /* PBXContainerItemProxy */;
		};
		A2CE4B8B1CD0B06D00436DF1 /* PBXTargetDependency */ = {
			isa = PBXTargetDependency;
			target = A2CE4B641CD0B06D00436DF1 /* PJNails */;
			targetProxy = A2CE4B8A1CD0B06D00436DF1 /* PBXContainerItemProxy */;
		};
/* End PBXTargetDependency section */

/* Begin XCBuildConfiguration section */
		A2CE4B901CD0B06D00436DF1 /* Debug */ = {
			isa = XCBuildConfiguration;
			buildSettings = {
				ALWAYS_SEARCH_USER_PATHS = NO;
				CLANG_ANALYZER_NONNULL = YES;
				CLANG_CXX_LANGUAGE_STANDARD = "gnu++0x";
				CLANG_CXX_LIBRARY = "libc++";
				CLANG_ENABLE_MODULES = YES;
				CLANG_ENABLE_OBJC_ARC = YES;
				CLANG_WARN_BOOL_CONVERSION = YES;
				CLANG_WARN_CONSTANT_CONVERSION = YES;
				CLANG_WARN_DIRECT_OBJC_ISA_USAGE = YES_ERROR;
				CLANG_WARN_EMPTY_BODY = YES;
				CLANG_WARN_ENUM_CONVERSION = YES;
				CLANG_WARN_INT_CONVERSION = YES;
				CLANG_WARN_OBJC_ROOT_CLASS = YES_ERROR;
				CLANG_WARN_UNREACHABLE_CODE = YES;
				CLANG_WARN__DUPLICATE_METHOD_MATCH = YES;
				"CODE_SIGN_IDENTITY[sdk=iphoneos*]" = "iPhone Developer";
				COPY_PHASE_STRIP = NO;
				DEBUG_INFORMATION_FORMAT = dwarf;
				ENABLE_STRICT_OBJC_MSGSEND = YES;
				ENABLE_TESTABILITY = YES;
				GCC_C_LANGUAGE_STANDARD = gnu99;
				GCC_DYNAMIC_NO_PIC = NO;
				GCC_NO_COMMON_BLOCKS = YES;
				GCC_OPTIMIZATION_LEVEL = 0;
				GCC_PREPROCESSOR_DEFINITIONS = (
					"DEBUG=1",
					"$(inherited)",
				);
				GCC_WARN_64_TO_32_BIT_CONVERSION = YES;
				GCC_WARN_ABOUT_RETURN_TYPE = YES_ERROR;
				GCC_WARN_UNDECLARED_SELECTOR = YES;
				GCC_WARN_UNINITIALIZED_AUTOS = YES_AGGRESSIVE;
				GCC_WARN_UNUSED_FUNCTION = YES;
				GCC_WARN_UNUSED_VARIABLE = YES;
				IPHONEOS_DEPLOYMENT_TARGET = 9.3;
				MTL_ENABLE_DEBUG_INFO = YES;
				ONLY_ACTIVE_ARCH = YES;
				SDKROOT = iphoneos;
				TARGETED_DEVICE_FAMILY = 2;
			};
			name = Debug;
		};
		A2CE4B911CD0B06D00436DF1 /* Release */ = {
			isa = XCBuildConfiguration;
			buildSettings = {
				ALWAYS_SEARCH_USER_PATHS = NO;
				CLANG_ANALYZER_NONNULL = YES;
				CLANG_CXX_LANGUAGE_STANDARD = "gnu++0x";
				CLANG_CXX_LIBRARY = "libc++";
				CLANG_ENABLE_MODULES = YES;
				CLANG_ENABLE_OBJC_ARC = YES;
				CLANG_WARN_BOOL_CONVERSION = YES;
				CLANG_WARN_CONSTANT_CONVERSION = YES;
				CLANG_WARN_DIRECT_OBJC_ISA_USAGE = YES_ERROR;
				CLANG_WARN_EMPTY_BODY = YES;
				CLANG_WARN_ENUM_CONVERSION = YES;
				CLANG_WARN_INT_CONVERSION = YES;
				CLANG_WARN_OBJC_ROOT_CLASS = YES_ERROR;
				CLANG_WARN_UNREACHABLE_CODE = YES;
				CLANG_WARN__DUPLICATE_METHOD_MATCH = YES;
				"CODE_SIGN_IDENTITY[sdk=iphoneos*]" = "iPhone Developer";
				COPY_PHASE_STRIP = NO;
				DEBUG_INFORMATION_FORMAT = "dwarf-with-dsym";
				ENABLE_NS_ASSERTIONS = NO;
				ENABLE_STRICT_OBJC_MSGSEND = YES;
				GCC_C_LANGUAGE_STANDARD = gnu99;
				GCC_NO_COMMON_BLOCKS = YES;
				GCC_WARN_64_TO_32_BIT_CONVERSION = YES;
				GCC_WARN_ABOUT_RETURN_TYPE = YES_ERROR;
				GCC_WARN_UNDECLARED_SELECTOR = YES;
				GCC_WARN_UNINITIALIZED_AUTOS = YES_AGGRESSIVE;
				GCC_WARN_UNUSED_FUNCTION = YES;
				GCC_WARN_UNUSED_VARIABLE = YES;
				IPHONEOS_DEPLOYMENT_TARGET = 9.3;
				MTL_ENABLE_DEBUG_INFO = NO;
				SDKROOT = iphoneos;
				TARGETED_DEVICE_FAMILY = 2;
				VALIDATE_PRODUCT = YES;
			};
			name = Release;
		};
		A2CE4B931CD0B06D00436DF1 /* Debug */ = {
			isa = XCBuildConfiguration;
			buildSettings = {
				ASSETCATALOG_COMPILER_APPICON_NAME = AppIcon;
				CLANG_ENABLE_MODULES = YES;
				CODE_SIGN_IDENTITY = "iPhone Developer";
				INFOPLIST_FILE = PJNails/Info.plist;
				IPHONEOS_DEPLOYMENT_TARGET = 7.0;
				LD_RUNPATH_SEARCH_PATHS = "$(inherited) @executable_path/Frameworks";
				PRODUCT_BUNDLE_IDENTIFIER = cuong.PJNails;
				PRODUCT_NAME = "$(TARGET_NAME)";
				SWIFT_OPTIMIZATION_LEVEL = "-Onone";
				SWIFT_VERSION = 3.0;
				TARGETED_DEVICE_FAMILY = 2;
			};
			name = Debug;
		};
		A2CE4B941CD0B06D00436DF1 /* Release */ = {
			isa = XCBuildConfiguration;
			buildSettings = {
				ASSETCATALOG_COMPILER_APPICON_NAME = AppIcon;
				CLANG_ENABLE_MODULES = YES;
				CODE_SIGN_IDENTITY = "iPhone Developer";
				INFOPLIST_FILE = PJNails/Info.plist;
				IPHONEOS_DEPLOYMENT_TARGET = 7.0;
				LD_RUNPATH_SEARCH_PATHS = "$(inherited) @executable_path/Frameworks";
				PRODUCT_BUNDLE_IDENTIFIER = cuong.PJNails;
				PRODUCT_NAME = "$(TARGET_NAME)";
				SWIFT_VERSION = 3.0;
				TARGETED_DEVICE_FAMILY = 2;
			};
			name = Release;
		};
		A2CE4B961CD0B06D00436DF1 /* Debug */ = {
			isa = XCBuildConfiguration;
			buildSettings = {
				BUNDLE_LOADER = "$(TEST_HOST)";
				INFOPLIST_FILE = PJNailsTests/Info.plist;
				LD_RUNPATH_SEARCH_PATHS = "$(inherited) @executable_path/Frameworks @loader_path/Frameworks";
				PRODUCT_BUNDLE_IDENTIFIER = cuong.PJNailsTests;
				PRODUCT_NAME = "$(TARGET_NAME)";
				TEST_HOST = "$(BUILT_PRODUCTS_DIR)/PJNails.app/PJNails";
			};
			name = Debug;
		};
		A2CE4B971CD0B06D00436DF1 /* Release */ = {
			isa = XCBuildConfiguration;
			buildSettings = {
				BUNDLE_LOADER = "$(TEST_HOST)";
				INFOPLIST_FILE = PJNailsTests/Info.plist;
				LD_RUNPATH_SEARCH_PATHS = "$(inherited) @executable_path/Frameworks @loader_path/Frameworks";
				PRODUCT_BUNDLE_IDENTIFIER = cuong.PJNailsTests;
				PRODUCT_NAME = "$(TARGET_NAME)";
				TEST_HOST = "$(BUILT_PRODUCTS_DIR)/PJNails.app/PJNails";
			};
			name = Release;
		};
		A2CE4B991CD0B06D00436DF1 /* Debug */ = {
			isa = XCBuildConfiguration;
			buildSettings = {
				INFOPLIST_FILE = PJNailsUITests/Info.plist;
				LD_RUNPATH_SEARCH_PATHS = "$(inherited) @executable_path/Frameworks @loader_path/Frameworks";
				PRODUCT_BUNDLE_IDENTIFIER = cuong.PJNailsUITests;
				PRODUCT_NAME = "$(TARGET_NAME)";
				TEST_TARGET_NAME = PJNails;
			};
			name = Debug;
		};
		A2CE4B9A1CD0B06D00436DF1 /* Release */ = {
			isa = XCBuildConfiguration;
			buildSettings = {
				INFOPLIST_FILE = PJNailsUITests/Info.plist;
				LD_RUNPATH_SEARCH_PATHS = "$(inherited) @executable_path/Frameworks @loader_path/Frameworks";
				PRODUCT_BUNDLE_IDENTIFIER = cuong.PJNailsUITests;
				PRODUCT_NAME = "$(TARGET_NAME)";
				TEST_TARGET_NAME = PJNails;
			};
			name = Release;
		};
/* End XCBuildConfiguration section */

/* Begin XCConfigurationList section */
		A2CE4B601CD0B06D00436DF1 /* Build configuration list for PBXProject "PJNails" */ = {
			isa = XCConfigurationList;
			buildConfigurations = (
				A2CE4B901CD0B06D00436DF1 /* Debug */,
				A2CE4B911CD0B06D00436DF1 /* Release */,
			);
			defaultConfigurationIsVisible = 0;
			defaultConfigurationName = Release;
		};
		A2CE4B921CD0B06D00436DF1 /* Build configuration list for PBXNativeTarget "PJNails" */ = {
			isa = XCConfigurationList;
			buildConfigurations = (
				A2CE4B931CD0B06D00436DF1 /* Debug */,
				A2CE4B941CD0B06D00436DF1 /* Release */,
			);
			defaultConfigurationIsVisible = 0;
			defaultConfigurationName = Release;
		};
		A2CE4B951CD0B06D00436DF1 /* Build configuration list for PBXNativeTarget "PJNailsTests" */ = {
			isa = XCConfigurationList;
			buildConfigurations = (
				A2CE4B961CD0B06D00436DF1 /* Debug */,
				A2CE4B971CD0B06D00436DF1 /* Release */,
			);
			defaultConfigurationIsVisible = 0;
			defaultConfigurationName = Release;
		};
		A2CE4B981CD0B06D00436DF1 /* Build configuration list for PBXNativeTarget "PJNailsUITests" */ = {
			isa = XCConfigurationList;
			buildConfigurations = (
				A2CE4B991CD0B06D00436DF1 /* Debug */,
				A2CE4B9A1CD0B06D00436DF1 /* Release */,
			);
			defaultConfigurationIsVisible = 0;
			defaultConfigurationName = Release;
		};
/* End XCConfigurationList section */
	};
	rootObject = A2CE4B5D1CD0B06D00436DF1 /* Project object */;
}
